# This file is automatically @generated by Cargo.
# It is not intended for manual editing.
version = 3

[[package]]
name = "umbra-cli"
version = "0.0.0"

[[package]]
name = "umbra-core"
version = "0.0.0"

[[package]]
name = "umbra-eclipse"
version = "0.0.0"
dependencies = [
 "umbra-core",
 "umbra-ephemeris",
]

[[package]]
name = "umbra-ephemeris"
version = "0.0.0"
dependencies = [
 "umbra-core",
]

[[package]]
name = "umbra-fixtures"
version = "0.0.0"
dependencies = [
 "umbra-core",
]

[[package]]
name = "umbra-geo"
version = "0.0.0"
dependencies = [
 "umbra-core",
]
